Microsoft Visual Studio Solution File, Format Version 11.00
# Visual Studio 2008

Project("{A500F015-044E-D12A-F5AA-B7AAD80023B9}") = "DamnedRemake", "Assembly-CSharp-firstpass.csproj", "{4C87F808-8586-9AB1-85A3-C3F102EDC877}"
EndProject
Project("{A500F015-044E-D12A-F5AA-B7AAD80023B9}") = "DamnedRemake", "Assembly-CSharp.csproj", "{20E79F52-DE5C-D1D8-AE85-0E0B57B3D9D3}"
EndProject
Project("{A500F015-044E-D12A-F5AA-B7AAD80023B9}") = "DamnedRemake", "Assembly-CSharp-Editor.csproj", "{F27E49CF-5953-CD43-CBE9-411C4F689C79}"
EndProject
Project("{A500F015-044E-D12A-F5AA-B7AAD80023B9}") = "DamnedRemake", "Assembly-UnityScript-firstpass.unityproj", "{8BDBA68D-7009-3651-ED4D-A9606B51351E}"
EndProject
Project("{A500F015-044E-D12A-F5AA-B7AAD80023B9}") = "DamnedRemake", "Assembly-UnityScript.unityproj", "{06EDD4AF-21A0-5E5F-187D-AE389BB4AB34}"
EndProject
Project("{A500F015-044E-D12A-F5AA-B7AAD80023B9}") = "DamnedRemake", "Assembly-UnityScript-Editor.unityproj", "{3193A8DE-91ED-8771-B380-0F0871E8806B}"
EndProject
Global
	GlobalSection(SolutionConfigurationPlatforms) = preSolution
		Debug|Any CPU = Debug|Any CPU
		Release|Any CPU = Release|Any CPU
	EndGlobalSection
	GlobalSection(ProjectConfigurationPlatforms) = postSolution
		{4C87F808-8586-9AB1-85A3-C3F102EDC877}.Debug|Any CPU.ActiveCfg = Debug|Any CPU
		{4C87F808-8586-9AB1-85A3-C3F102EDC877}.Debug|Any CPU.Build.0 = Debug|Any CPU
		{4C87F808-8586-9AB1-85A3-C3F102EDC877}.Release|Any CPU.ActiveCfg = Release|Any CPU
		{4C87F808-8586-9AB1-85A3-C3F102EDC877}.Release|Any CPU.Build.0 = Release|Any CPU
		{20E79F52-DE5C-D1D8-AE85-0E0B57B3D9D3}.Debug|Any CPU.ActiveCfg = Debug|Any CPU
		{20E79F52-DE5C-D1D8-AE85-0E0B57B3D9D3}.Debug|Any CPU.Build.0 = Debug|Any CPU
		{20E79F52-DE5C-D1D8-AE85-0E0B57B3D9D3}.Release|Any CPU.ActiveCfg = Release|Any CPU
		{20E79F52-DE5C-D1D8-AE85-0E0B57B3D9D3}.Release|Any CPU.Build.0 = Release|Any CPU
		{F27E49CF-5953-CD43-CBE9-411C4F689C79}.Debug|Any CPU.ActiveCfg = Debug|Any CPU
		{F27E49CF-5953-CD43-CBE9-411C4F689C79}.Debug|Any CPU.Build.0 = Debug|Any CPU
		{F27E49CF-5953-CD43-CBE9-411C4F689C79}.Release|Any CPU.ActiveCfg = Release|Any CPU
		{F27E49CF-5953-CD43-CBE9-411C4F689C79}.Release|Any CPU.Build.0 = Release|Any CPU
		{8BDBA68D-7009-3651-ED4D-A9606B51351E}.Debug|Any CPU.ActiveCfg = Debug|Any CPU
		{8BDBA68D-7009-3651-ED4D-A9606B51351E}.Debug|Any CPU.Build.0 = Debug|Any CPU
		{8BDBA68D-7009-3651-ED4D-A9606B51351E}.Release|Any CPU.ActiveCfg = Release|Any CPU
		{8BDBA68D-7009-3651-ED4D-A9606B51351E}.Release|Any CPU.Build.0 = Release|Any CPU
		{06EDD4AF-21A0-5E5F-187D-AE389BB4AB34}.Debug|Any CPU.ActiveCfg = Debug|Any CPU
		{06EDD4AF-21A0-5E5F-187D-AE389BB4AB34}.Debug|Any CPU.Build.0 = Debug|Any CPU
		{06EDD4AF-21A0-5E5F-187D-AE389BB4AB34}.Release|Any CPU.ActiveCfg = Release|Any CPU
		{06EDD4AF-21A0-5E5F-187D-AE389BB4AB34}.Release|Any CPU.Build.0 = Release|Any CPU
		{3193A8DE-91ED-8771-B380-0F0871E8806B}.Debug|Any CPU.ActiveCfg = Debug|Any CPU
		{3193A8DE-91ED-8771-B380-0F0871E8806B}.Debug|Any CPU.Build.0 = Debug|Any CPU
		{3193A8DE-91ED-8771-B380-0F0871E8806B}.Release|Any CPU.ActiveCfg = Release|Any CPU
		{3193A8DE-91ED-8771-B380-0F0871E8806B}.Release|Any CPU.Build.0 = Release|Any CPU
	EndGlobalSection
	GlobalSection(SolutionProperties) = preSolution
		HideSolutionNode = FALSE
	EndGlobalSection
																																																																																GlobalSection(MonoDevelopProperties) = preSolution
		StartupItem = Assembly-CSharp.csproj
		Policies = $0
		$0.TextStylePolicy = $1
		$1.inheritsSet = null
		$1.scope = text/x-csharp
		$0.CSharpFormattingPolicy = $2
		$2.inheritsSet = Mono
		$2.inheritsScope = text/x-csharp
		$2.scope = text/x-csharp
		$0.TextStylePolicy = $3
		$3.FileWidth = 120
		$3.TabWidth = 4
		$3.EolMarker = Unix
		$3.inheritsSet = Mono
		$3.inheritsScope = text/plain
		$3.scope = text/plain
	EndGlobalSection

EndGlobal
